
Microsoft Visual Studio Solution File, Format Version 12.00
# Visual Studio Version 17
VisualStudioVersion = 17.4.33403.182
MinimumVisualStudioVersion = 10.0.40219.1
Project("{FAE04EC0-301F-11D3-BF4B-00C04F79EFBC}") = "ConsoleApp3", "ConsoleApp3\ConsoleApp3.csproj", "{944C9C66-AAD3-441E-AEAA-3C5AA1BA900C}"
EndProject
Global
	GlobalSection(SolutionConfigurationPlatforms) = preSolution
		Debug|Any CPU = Debug|Any CPU
		Release|Any CPU = Release|Any CPU
	EndGlobalSection
	GlobalSection(ProjectConfigurationPlatforms) = postSolution
		{944C9C66-AAD3-441E-AEAA-3C5AA1BA900C}.Debug|Any CPU.ActiveCfg = Debug|Any CPU
		{944C9C66-AAD3-441E-AEAA-3C5AA1BA900C}.Debug|Any CPU.Build.0 = Debug|Any CPU
		{944C9C66-AAD3-441E-AEAA-3C5AA1BA900C}.Release|Any CPU.ActiveCfg = Release|Any CPU
		{944C9C66-AAD3-441E-AEAA-3C5AA1BA900C}.Release|Any CPU.Build.0 = Release|Any CPU
	EndGlobalSection
	GlobalSection(SolutionProperties) = preSolution
		HideSolutionNode = FALSE
	EndGlobalSection
	GlobalSection(ExtensibilityGlobals) = postSolution
		SolutionGuid = {570410AE-F6C8-4717-B9D6-1FDA1D5DDE2D}
	EndGlobalSection
EndGlobal
